// !$*UTF8*$!
{
	archiveVersion = 1;
	classes = {
	};
	objectVersion = 46;
	objects = {

/* Begin PBXBuildFile section */
		47DF5BAE1BB0E01E000E71C1 /* main.m in Sources */ = {isa = PBXBuildFile; fileRef = 47DF5BAD1BB0E01E000E71C1 /* main.m */; };
		47DF5BB91BB0E01E000E71C1 /* Assets.xcassets in Resources */ = {isa = PBXBuildFile; fileRef = 47DF5BB81BB0E01E000E71C1 /* Assets.xcassets */; };
		47DF5BC51BB0E2DA000E71C1 /* mostFrequentChar.c in Sources */ = {isa = PBXBuildFile; fileRef = 47DF5BC31BB0E2DA000E71C1 /* mostFrequentChar.c */; settings = {ASSET_TAGS = (); }; };
/* End PBXBuildFile section */

/* Begin PBXFileReference section */
		47DF5BA91BB0E01E000E71C1 /* MostFrequentChar.app */ = {isa = PBXFileReference; explicitFileType = wrapper.application; includeInIndex = 0; path = MostFrequentChar.app; sourceTree = BUILT_PRODUCTS_DIR; };
		47DF5BAD1BB0E01E000E71C1 /* main.m */ = {isa = PBXFileReference; lastKnownFileType = sourcecode.c.objc; path = main.m; sourceTree = "<group>"; };
		47DF5BB81BB0E01E000E71C1 /* Assets.xcassets */ = {isa = PBXFileReference; lastKnownFileType = folder.assetcatalog; path = Assets.xcassets; sourceTree = "<group>"; };
		47DF5BBD1BB0E01E000E71C1 /* Info.plist */ = {isa = PBXFileReference; lastKnownFileType = text.plist.xml; path = Info.plist; sourceTree = "<group>"; };
		47DF5BC31BB0E2DA000E71C1 /* mostFrequentChar.c */ = {isa = PBXFileReference; fileEncoding = 4; lastKnownFileType = sourcecode.c.c; path = mostFrequentChar.c; sourceTree = "<group>"; };
		47DF5BC41BB0E2DA000E71C1 /* mostFrequentChar.h */ = {isa = PBXFileReference; fileEncoding = 4; lastKnownFileType = sourcecode.c.h; path = mostFrequentChar.h; sourceTree = "<group>"; };
/* End PBXFileReference section */

/* Begin PBXFrameworksBuildPhase section */
		47DF5BA61BB0E01E000E71C1 /* Frameworks */ = {
			isa = PBXFrameworksBuildPhase;
			buildActionMask = 2147483647;
			files = (
			);
			runOnlyForDeploymentPostprocessing = 0;
		};
/* End PBXFrameworksBuildPhase section */

/* Begin PBXGroup section */
		47DF5BA01BB0E01E000E71C1 = {
			isa = PBXGroup;
			children = (
				47DF5BAB1BB0E01E000E71C1 /* MostFrequentChar */,
				47DF5BAA1BB0E01E000E71C1 /* Products */,
			);
			sourceTree = "<group>";
		};
		47DF5BAA1BB0E01E000E71C1 /* Products */ = {
			isa = PBXGroup;
			children = (
				47DF5BA91BB0E01E000E71C1 /* MostFrequentChar.app */,
			);
			name = Products;
			sourceTree = "<group>";
		};
		47DF5BAB1BB0E01E000E71C1 /* MostFrequentChar */ = {
			isa = PBXGroup;
			children = (
				47DF5BC31BB0E2DA000E71C1 /* mostFrequentChar.c */,
				47DF5BC41BB0E2DA000E71C1 /* mostFrequentChar.h */,
				47DF5BAD1BB0E01E000E71C1 /* main.m */,
				47DF5BAC1BB0E01E000E71C1 /* Supporting Files */,
			);
			path = MostFrequentChar;
			sourceTree = "<group>";
		};
		47DF5BAC1BB0E01E000E71C1 /* Supporting Files */ = {
			isa = PBXGroup;
			children = (
				47DF5BB81BB0E01E000E71C1 /* Assets.xcassets */,
				47DF5BBD1BB0E01E000E71C1 /* Info.plist */,
			);
			name = "Supporting Files";
			sourceTree = "<group>";
		};
/* End PBXGroup section */

/* Begin PBXNativeTarget section */
		47DF5BA81BB0E01E000E71C1 /* MostFrequentChar */ = {
			isa = PBXNativeTarget;
			buildConfigurationList = 47DF5BC01BB0E01E000E71C1 /* Build configuration list for PBXNativeTarget "MostFrequentChar" */;
			buildPhases = (
				47DF5BA51BB0E01E000E71C1 /* Sources */,
				47DF5BA61BB0E01E000E71C1 /* Frameworks */,
				47DF5BA71BB0E01E000E71C1 /* Resources */,
			);
			buildRules = (
			);
			dependencies = (
			);
			name = MostFrequentChar;
			productName = MostFrequentChar;
			productReference = 47DF5BA91BB0E01E000E71C1 /* MostFrequentChar.app */;
			productType = "com.apple.product-type.application";
		};
/* End PBXNativeTarget section */

/* Begin PBXProject section */
		47DF5BA11BB0E01E000E71C1 /* Project object */ = {
			isa = PBXProject;
			attributes = {
				LastUpgradeCheck = 0700;
				ORGANIZATIONNAME = "Pavel Tikhonenko";
				TargetAttributes = {
					47DF5BA81BB0E01E000E71C1 = {
						CreatedOnToolsVersion = 7.0;
					};
				};
			};
			buildConfigurationList = 47DF5BA41BB0E01E000E71C1 /* Build configuration list for PBXProject "MostFrequentChar" */;
			compatibilityVersion = "Xcode 3.2";
			developmentRegion = English;
			hasScannedForEncodings = 0;
			knownRegions = (
				en,
				Base,
			);
			mainGroup = 47DF5BA01BB0E01E000E71C1;
			productRefGroup = 47DF5BAA1BB0E01E000E71C1 /* Products */;
			projectDirPath = "";
			projectRoot = "";
			targets = (
				47DF5BA81BB0E01E000E71C1 /* MostFrequentChar */,
			);
		};
/* End PBXProject section */

/* Begin PBXResourcesBuildPhase section */
		47DF5BA71BB0E01E000E71C1 /* Resources */ = {
			isa = PBXResourcesBuildPhase;
			buildActionMask = 2147483647;
			files = (
				47DF5BB91BB0E01E000E71C1 /* Assets.xcassets in Resources */,
			);
			runOnlyForDeploymentPostprocessing = 0;
		};
/* End PBXResourcesBuildPhase section */

/* Begin PBXSourcesBuildPhase section */
		47DF5BA51BB0E01E000E71C1 /* Sources */ = {
			isa = PBXSourcesBuildPhase;
			buildActionMask = 2147483647;
			files = (
				47DF5BC51BB0E2DA000E71C1 /* mostFrequentChar.c in Sources */,
				47DF5BAE1BB0E01E000E71C1 /* main.m in Sources */,
			);
			runOnlyForDeploymentPostprocessing = 0;
		};
/* End PBXSourcesBuildPhase section */

/* Begin XCBuildConfiguration section */
		47DF5BBE1BB0E01E000E71C1 /* Debug */ = {
			isa = XCBuildConfiguration;
			buildSettings = {
				ALWAYS_SEARCH_USER_PATHS = NO;
				CLANG_CXX_LANGUAGE_STANDARD = "gnu++0x";
				CLANG_CXX_LIBRARY = "libc++";
				CLANG_ENABLE_MODULES = YES;
				CLANG_ENABLE_OBJC_ARC = YES;
				CLANG_WARN_BOOL_CONVERSION = YES;
				CLANG_WARN_CONSTANT_CONVERSION = YES;
				CLANG_WARN_DIRECT_OBJC_ISA_USAGE = YES_ERROR;
				CLANG_WARN_EMPTY_BODY = YES;
				CLANG_WARN_ENUM_CONVERSION = YES;
				CLANG_WARN_INT_CONVERSION = YES;
				CLANG_WARN_OBJC_ROOT_CLASS = YES_ERROR;
				CLANG_WARN_UNREACHABLE_CODE = YES;
				CLANG_WARN__DUPLICATE_METHOD_MATCH = YES;
				"CODE_SIGN_IDENTITY[sdk=iphoneos*]" = "iPhone Developer";
				COPY_PHASE_STRIP = NO;
				DEBUG_INFORMATION_FORMAT = dwarf;
				ENABLE_STRICT_OBJC_MSGSEND = YES;
				ENABLE_TESTABILITY = YES;
				GCC_C_LANGUAGE_STANDARD = gnu99;
				GCC_DYNAMIC_NO_PIC = NO;
				GCC_NO_COMMON_BLOCKS = YES;
				GCC_OPTIMIZATION_LEVEL = 0;
				GCC_PREPROCESSOR_DEFINITIONS = (
					"DEBUG=1",
					"$(inherited)",
				);
				GCC_WARN_64_TO_32_BIT_CONVERSION = YES;
				GCC_WARN_ABOUT_RETURN_TYPE = YES_ERROR;
				GCC_WARN_UNDECLARED_SELECTOR = YES;
				GCC_WARN_UNINITIALIZED_AUTOS = YES_AGGRESSIVE;
				GCC_WARN_UNUSED_FUNCTION = YES;
				GCC_WARN_UNUSED_VARIABLE = YES;
				IPHONEOS_DEPLOYMENT_TARGET = 9.0;
				MTL_ENABLE_DEBUG_INFO = YES;
				ONLY_ACTIVE_ARCH = YES;
				SDKROOT = iphoneos;
				TARGETED_DEVICE_FAMILY = "1,2";
			};
			name = Debug;
		};
		47DF5BBF1BB0E01E000E71C1 /* Release */ = {
			isa = XCBuildConfiguration;
			buildSettings = {
				ALWAYS_SEARCH_USER_PATHS = NO;
				CLANG_CXX_LANGUAGE_STANDARD = "gnu++0x";
				CLANG_CXX_LIBRARY = "libc++";
				CLANG_ENABLE_MODULES = YES;
				CLANG_ENABLE_OBJC_ARC = YES;
				CLANG_WARN_BOOL_CONVERSION = YES;
				CLANG_WARN_CONSTANT_CONVERSION = YES;
				CLANG_WARN_DIRECT_OBJC_ISA_USAGE = YES_ERROR;
				CLANG_WARN_EMPTY_BODY = YES;
				CLANG_WARN_ENUM_CONVERSION = YES;
				CLANG_WARN_INT_CONVERSION = YES;
				CLANG_WARN_OBJC_ROOT_CLASS = YES_ERROR;
				CLANG_WARN_UNREACHABLE_CODE = YES;
				CLANG_WARN__DUPLICATE_METHOD_MATCH = YES;
				"CODE_SIGN_IDENTITY[sdk=iphoneos*]" = "iPhone Developer";
				COPY_PHASE_STRIP = NO;
				DEBUG_INFORMATION_FORMAT = "dwarf-with-dsym";
				ENABLE_NS_ASSERTIONS = NO;
				ENABLE_STRICT_OBJC_MSGSEND = YES;
				GCC_C_LANGUAGE_STANDARD = gnu99;
				GCC_NO_COMMON_BLOCKS = YES;
				GCC_WARN_64_TO_32_BIT_CONVERSION = YES;
				GCC_WARN_ABOUT_RETURN_TYPE = YES_ERROR;
				GCC_WARN_UNDECLARED_SELECTOR = YES;
				GCC_WARN_UNINITIALIZED_AUTOS = YES_AGGRESSIVE;
				GCC_WARN_UNUSED_FUNCTION = YES;
				GCC_WARN_UNUSED_VARIABLE = YES;
				IPHONEOS_DEPLOYMENT_TARGET = 9.0;
				MTL_ENABLE_DEBUG_INFO = NO;
				SDKROOT = iphoneos;
				TARGETED_DEVICE_FAMILY = "1,2";
				VALIDATE_PRODUCT = YES;
			};
			name = Release;
		};
		47DF5BC11BB0E01E000E71C1 /* Debug */ = {
			isa = XCBuildConfiguration;
			buildSettings = {
				ASSETCATALOG_COMPILER_APPICON_NAME = AppIcon;
				INFOPLIST_FILE = MostFrequentChar/Info.plist;
				IPHONEOS_DEPLOYMENT_TARGET = 6.0;
				LD_RUNPATH_SEARCH_PATHS = "$(inherited) @executable_path/Frameworks";
				PRODUCT_BUNDLE_IDENTIFIER = com.tikhop.MostFrequentChar;
				PRODUCT_NAME = "$(TARGET_NAME)";
			};
			name = Debug;
		};
		47DF5BC21BB0E01E000E71C1 /* Release */ = {
			isa = XCBuildConfiguration;
			buildSettings = {
				ASSETCATALOG_COMPILER_APPICON_NAME = AppIcon;
				INFOPLIST_FILE = MostFrequentChar/Info.plist;
				IPHONEOS_DEPLOYMENT_TARGET = 6.0;
				LD_RUNPATH_SEARCH_PATHS = "$(inherited) @executable_path/Frameworks";
				PRODUCT_BUNDLE_IDENTIFIER = com.tikhop.MostFrequentChar;
				PRODUCT_NAME = "$(TARGET_NAME)";
			};
			name = Release;
		};
/* End XCBuildConfiguration section */

/* Begin XCConfigurationList section */
		47DF5BA41BB0E01E000E71C1 /* Build configuration list for PBXProject "MostFrequentChar" */ = {
			isa = XCConfigurationList;
			buildConfigurations = (
				47DF5BBE1BB0E01E000E71C1 /* Debug */,
				47DF5BBF1BB0E01E000E71C1 /* Release */,
			);
			defaultConfigurationIsVisible = 0;
			defaultConfigurationName = Release;
		};
		47DF5BC01BB0E01E000E71C1 /* Build configuration list for PBXNativeTarget "MostFrequentChar" */ = {
			isa = XCConfigurationList;
			buildConfigurations = (
				47DF5BC11BB0E01E000E71C1 /* Debug */,
				47DF5BC21BB0E01E000E71C1 /* Release */,
			);
			defaultConfigurationIsVisible = 0;
			defaultConfigurationName = Release;
		};
/* End XCConfigurationList section */
	};
	rootObject = 47DF5BA11BB0E01E000E71C1 /* Project object */;
}
